
Microsoft Visual Studio Solution File, Format Version 12.00
# Visual Studio Version 17
VisualStudioVersion = 17.8.34309.116
MinimumVisualStudioVersion = 10.0.40219.1
Project("{9A19103F-16F7-4668-BE54-9A1E7A4F7556}") = "ServiceA", "ServiceA\ServiceA.csproj", "{0F475823-F04B-496C-9A46-FF6B878C799E}"
EndProject
Project("{9A19103F-16F7-4668-BE54-9A1E7A4F7556}") = "ServiceB", "ServiceB\ServiceB.csproj", "{D16D9123-7D13-4ECE-9A31-2B48E30E1A98}"
EndProject
Project("{9A19103F-16F7-4668-BE54-9A1E7A4F7556}") = "ServiceC", "ServiceC\ServiceC.csproj", "{BC7C8A97-05A7-4E78-83C5-3BAF15360E21}"
EndProject
Project("{FAE04EC0-301F-11D3-BF4B-00C04F79EFBC}") = "Service.Repo", "Client.Service\Service.Repo.csproj", "{E4423DA1-6471-44A7-9089-C55E7C52C5DA}"
EndProject
Global
	GlobalSection(SolutionConfigurationPlatforms) = preSolution
		Debug|Any CPU = Debug|Any CPU
		Release|Any CPU = Release|Any CPU
	EndGlobalSection
	GlobalSection(ProjectConfigurationPlatforms) = postSolution
		{0F475823-F04B-496C-9A46-FF6B878C799E}.Debug|Any CPU.ActiveCfg = Debug|Any CPU
		{0F475823-F04B-496C-9A46-FF6B878C799E}.Debug|Any CPU.Build.0 = Debug|Any CPU
		{0F475823-F04B-496C-9A46-FF6B878C799E}.Release|Any CPU.ActiveCfg = Release|Any CPU
		{0F475823-F04B-496C-9A46-FF6B878C799E}.Release|Any CPU.Build.0 = Release|Any CPU
		{D16D9123-7D13-4ECE-9A31-2B48E30E1A98}.Debug|Any CPU.ActiveCfg = Debug|Any CPU
		{D16D9123-7D13-4ECE-9A31-2B48E30E1A98}.Debug|Any CPU.Build.0 = Debug|Any CPU
		{D16D9123-7D13-4ECE-9A31-2B48E30E1A98}.Release|Any CPU.ActiveCfg = Release|Any CPU
		{D16D9123-7D13-4ECE-9A31-2B48E30E1A98}.Release|Any CPU.Build.0 = Release|Any CPU
		{BC7C8A97-05A7-4E78-83C5-3BAF15360E21}.Debug|Any CPU.ActiveCfg = Debug|Any CPU
		{BC7C8A97-05A7-4E78-83C5-3BAF15360E21}.Debug|Any CPU.Build.0 = Debug|Any CPU
		{BC7C8A97-05A7-4E78-83C5-3BAF15360E21}.Release|Any CPU.ActiveCfg = Release|Any CPU
		{BC7C8A97-05A7-4E78-83C5-3BAF15360E21}.Release|Any CPU.Build.0 = Release|Any CPU
		{E4423DA1-6471-44A7-9089-C55E7C52C5DA}.Debug|Any CPU.ActiveCfg = Debug|Any CPU
		{E4423DA1-6471-44A7-9089-C55E7C52C5DA}.Debug|Any CPU.Build.0 = Debug|Any CPU
		{E4423DA1-6471-44A7-9089-C55E7C52C5DA}.Release|Any CPU.ActiveCfg = Release|Any CPU
		{E4423DA1-6471-44A7-9089-C55E7C52C5DA}.Release|Any CPU.Build.0 = Release|Any CPU
	EndGlobalSection
	GlobalSection(SolutionProperties) = preSolution
		HideSolutionNode = FALSE
	EndGlobalSection
	GlobalSection(ExtensibilityGlobals) = postSolution
		SolutionGuid = {5DDACDCE-26EC-4C37-B432-22A32C5BAE42}
	EndGlobalSection
EndGlobal
